
Microsoft Visual Studio Solution File, Format Version 12.00
# Visual Studio Version 16
VisualStudioVersion = 16.0.33927.289
MinimumVisualStudioVersion = 10.0.40219.1
Project("{FAE04EC0-301F-11D3-BF4B-00C04F79EFBC}") = "QuanLyKhuTro", "QuanLyKhuTro\QuanLyKhuTro.csproj", "{5765DE4F-A737-4DA1-805E-76D65D54FE45}"
EndProject
Global
	GlobalSection(SolutionConfigurationPlatforms) = preSolution
		Debug|Any CPU = Debug|Any CPU
		Release|Any CPU = Release|Any CPU
	EndGlobalSection
	GlobalSection(ProjectConfigurationPlatforms) = postSolution
		{5765DE4F-A737-4DA1-805E-76D65D54FE45}.Debug|Any CPU.ActiveCfg = Debug|Any CPU
		{5765DE4F-A737-4DA1-805E-76D65D54FE45}.Debug|Any CPU.Build.0 = Debug|Any CPU
		{5765DE4F-A737-4DA1-805E-76D65D54FE45}.Release|Any CPU.ActiveCfg = Release|Any CPU
		{5765DE4F-A737-4DA1-805E-76D65D54FE45}.Release|Any CPU.Build.0 = Release|Any CPU
	EndGlobalSection
	GlobalSection(SolutionProperties) = preSolution
		HideSolutionNode = FALSE
	EndGlobalSection
	GlobalSection(ExtensibilityGlobals) = postSolution
		SolutionGuid = {397A1075-EFB5-4844-83BC-000465EABBD7}
	EndGlobalSection
EndGlobal
